
Microsoft Visual Studio Solution File, Format Version 12.00
# Visual Studio Version 17
VisualStudioVersion = 17.1.32210.238
MinimumVisualStudioVersion = 10.0.40219.1
Project("{9A19103F-16F7-4668-BE54-9A1E7A4F7556}") = "ApiTest", "ApiTest\ApiTest.csproj", "{75208A0E-9314-48EB-961B-DA145C8A3882}"
EndProject
Project("{9A19103F-16F7-4668-BE54-9A1E7A4F7556}") = "Domain", "Domain\Domain.csproj", "{8E9DB6F1-FE40-4FA4-8AAA-8D4CED14182C}"
EndProject
Project("{9A19103F-16F7-4668-BE54-9A1E7A4F7556}") = "Application", "Application\Application.csproj", "{B4EC92EE-CD38-4F9E-8FFC-1C9C1B0FFF62}"
EndProject
Project("{9A19103F-16F7-4668-BE54-9A1E7A4F7556}") = "Infrastructure", "Infrastructure\Infrastructure.csproj", "{724BEA1F-4F02-48E3-A8AA-3237F71DA503}"
EndProject
Project("{9A19103F-16F7-4668-BE54-9A1E7A4F7556}") = "Hangfire", "Hangfire\Hangfire.csproj", "{8B88A549-8175-4B0F-9C7A-7617596A8A0C}"
EndProject
Project("{FAE04EC0-301F-11D3-BF4B-00C04F79EFBC}") = "ExchangeApiClient", "ExchangeApiClient\ExchangeApiClient.csproj", "{C63471C3-9B80-44A9-B082-0B38782A3C16}"
EndProject
Global
	GlobalSection(SolutionConfigurationPlatforms) = preSolution
		Debug|Any CPU = Debug|Any CPU
		Release|Any CPU = Release|Any CPU
	EndGlobalSection
	GlobalSection(ProjectConfigurationPlatforms) = postSolution
		{75208A0E-9314-48EB-961B-DA145C8A3882}.Debug|Any CPU.ActiveCfg = Debug|Any CPU
		{75208A0E-9314-48EB-961B-DA145C8A3882}.Debug|Any CPU.Build.0 = Debug|Any CPU
		{75208A0E-9314-48EB-961B-DA145C8A3882}.Release|Any CPU.ActiveCfg = Release|Any CPU
		{75208A0E-9314-48EB-961B-DA145C8A3882}.Release|Any CPU.Build.0 = Release|Any CPU
		{8E9DB6F1-FE40-4FA4-8AAA-8D4CED14182C}.Debug|Any CPU.ActiveCfg = Debug|Any CPU
		{8E9DB6F1-FE40-4FA4-8AAA-8D4CED14182C}.Debug|Any CPU.Build.0 = Debug|Any CPU
		{8E9DB6F1-FE40-4FA4-8AAA-8D4CED14182C}.Release|Any CPU.ActiveCfg = Release|Any CPU
		{8E9DB6F1-FE40-4FA4-8AAA-8D4CED14182C}.Release|Any CPU.Build.0 = Release|Any CPU
		{B4EC92EE-CD38-4F9E-8FFC-1C9C1B0FFF62}.Debug|Any CPU.ActiveCfg = Debug|Any CPU
		{B4EC92EE-CD38-4F9E-8FFC-1C9C1B0FFF62}.Debug|Any CPU.Build.0 = Debug|Any CPU
		{B4EC92EE-CD38-4F9E-8FFC-1C9C1B0FFF62}.Release|Any CPU.ActiveCfg = Release|Any CPU
		{B4EC92EE-CD38-4F9E-8FFC-1C9C1B0FFF62}.Release|Any CPU.Build.0 = Release|Any CPU
		{724BEA1F-4F02-48E3-A8AA-3237F71DA503}.Debug|Any CPU.ActiveCfg = Debug|Any CPU
		{724BEA1F-4F02-48E3-A8AA-3237F71DA503}.Debug|Any CPU.Build.0 = Debug|Any CPU
		{724BEA1F-4F02-48E3-A8AA-3237F71DA503}.Release|Any CPU.ActiveCfg = Release|Any CPU
		{724BEA1F-4F02-48E3-A8AA-3237F71DA503}.Release|Any CPU.Build.0 = Release|Any CPU
		{8B88A549-8175-4B0F-9C7A-7617596A8A0C}.Debug|Any CPU.ActiveCfg = Debug|Any CPU
		{8B88A549-8175-4B0F-9C7A-7617596A8A0C}.Debug|Any CPU.Build.0 = Debug|Any CPU
		{8B88A549-8175-4B0F-9C7A-7617596A8A0C}.Release|Any CPU.ActiveCfg = Release|Any CPU
		{8B88A549-8175-4B0F-9C7A-7617596A8A0C}.Release|Any CPU.Build.0 = Release|Any CPU
		{C63471C3-9B80-44A9-B082-0B38782A3C16}.Debug|Any CPU.ActiveCfg = Debug|Any CPU
		{C63471C3-9B80-44A9-B082-0B38782A3C16}.Debug|Any CPU.Build.0 = Debug|Any CPU
		{C63471C3-9B80-44A9-B082-0B38782A3C16}.Release|Any CPU.ActiveCfg = Release|Any CPU
		{C63471C3-9B80-44A9-B082-0B38782A3C16}.Release|Any CPU.Build.0 = Release|Any CPU
	EndGlobalSection
	GlobalSection(SolutionProperties) = preSolution
		HideSolutionNode = FALSE
	EndGlobalSection
	GlobalSection(ExtensibilityGlobals) = postSolution
		SolutionGuid = {93D39C03-F68C-4AEB-9BFC-6B75629BE3C2}
	EndGlobalSection
EndGlobal
